<Solution>
  <Project Path="VIP.csproj" />
  <Project Path="Health.csproj" />
  <Project Path="Gold.csproj" />
  <Project Path="Assembly-CSharp-Editor.csproj" />
  <Project Path="Shop.csproj" />
  <Project Path="Location.csproj" />
  <Project Path="Core.csproj" />
  <Project Path="Assembly-CSharp.csproj" />
</Solution>
